// !$*UTF8*$!
{
	archiveVersion = 1;
	classes = {
	};
	objectVersion = 56;
	objects = {

/* Begin PBXBuildFile section */
		2B6710942910A7C500043586 /* Broker.swift in Sources */ = {isa = PBXBuildFile; fileRef = 2B6710932910A7C500043586 /* Broker.swift */; };
		2B6710962910A84B00043586 /* Consumer.swift in Sources */ = {isa = PBXBuildFile; fileRef = 2B6710952910A84B00043586 /* Consumer.swift */; };
		2B6710982910A8EA00043586 /* Queue.swift in Sources */ = {isa = PBXBuildFile; fileRef = 2B6710972910A8EA00043586 /* Queue.swift */; };
		2B67109A2910A92700043586 /* Topic.swift in Sources */ = {isa = PBXBuildFile; fileRef = 2B6710992910A92700043586 /* Topic.swift */; };
		2B67109D2910AFA200043586 /* Config.swift in Sources */ = {isa = PBXBuildFile; fileRef = 2B67109C2910AFA200043586 /* Config.swift */; };
		2B67109F2910B21600043586 /* Record.swift in Sources */ = {isa = PBXBuildFile; fileRef = 2B67109E2910B21600043586 /* Record.swift */; };
		2B8387D62909801200B88A53 /* AppDelegate.swift in Sources */ = {isa = PBXBuildFile; fileRef = 2B8387D52909801200B88A53 /* AppDelegate.swift */; };
		2B8387D82909801200B88A53 /* SceneDelegate.swift in Sources */ = {isa = PBXBuildFile; fileRef = 2B8387D72909801200B88A53 /* SceneDelegate.swift */; };
		2B8387DA2909801200B88A53 /* ViewController.swift in Sources */ = {isa = PBXBuildFile; fileRef = 2B8387D92909801200B88A53 /* ViewController.swift */; };
		2B8387DD2909801200B88A53 /* Main.storyboard in Resources */ = {isa = PBXBuildFile; fileRef = 2B8387DB2909801200B88A53 /* Main.storyboard */; };
		2B8387DF2909801300B88A53 /* Assets.xcassets in Resources */ = {isa = PBXBuildFile; fileRef = 2B8387DE2909801300B88A53 /* Assets.xcassets */; };
		2B8387E22909801300B88A53 /* LaunchScreen.storyboard in Resources */ = {isa = PBXBuildFile; fileRef = 2B8387E02909801300B88A53 /* LaunchScreen.storyboard */; };
		2B8387EB290980A900B88A53 /* Producer.swift in Sources */ = {isa = PBXBuildFile; fileRef = 2B8387EA290980A900B88A53 /* Producer.swift */; };
		2B8387F0290981C400B88A53 /* ProducerConfig.swift in Sources */ = {isa = PBXBuildFile; fileRef = 2B8387EF290981C400B88A53 /* ProducerConfig.swift */; };
		2B8387F22909829600B88A53 /* ProducerRecord.swift in Sources */ = {isa = PBXBuildFile; fileRef = 2B8387F12909829600B88A53 /* ProducerRecord.swift */; };
		2BC37E642914A34D00511F40 /* InAppPushConsumerGroup.swift in Sources */ = {isa = PBXBuildFile; fileRef = 2BC37E632914A34D00511F40 /* InAppPushConsumerGroup.swift */; };
		2BC37E662914A37900511F40 /* InAppPushTask.swift in Sources */ = {isa = PBXBuildFile; fileRef = 2BC37E652914A37900511F40 /* InAppPushTask.swift */; };
		2BC4D1A2291558BD00252FD1 /* LiveInAppPushConsumer.swift in Sources */ = {isa = PBXBuildFile; fileRef = 2BC4D1A1291558BD00252FD1 /* LiveInAppPushConsumer.swift */; };
		2BC4D1A4291558F800252FD1 /* DMInnerPushConsumer.swift in Sources */ = {isa = PBXBuildFile; fileRef = 2BC4D1A3291558F800252FD1 /* DMInnerPushConsumer.swift */; };
		2BC4D1A729155EFF00252FD1 /* InnerPushCenter.swift in Sources */ = {isa = PBXBuildFile; fileRef = 2BC4D1A629155EFF00252FD1 /* InnerPushCenter.swift */; };
		2BC4D1A92915637A00252FD1 /* InnerPushProducer.swift in Sources */ = {isa = PBXBuildFile; fileRef = 2BC4D1A82915637A00252FD1 /* InnerPushProducer.swift */; };
		2BC4D1AB291564B700252FD1 /* InnerPushRecord.swift in Sources */ = {isa = PBXBuildFile; fileRef = 2BC4D1AA291564B700252FD1 /* InnerPushRecord.swift */; };
		2BC4D1AD291655B800252FD1 /* InnerPushDefines.swift in Sources */ = {isa = PBXBuildFile; fileRef = 2BC4D1AC291655B800252FD1 /* InnerPushDefines.swift */; };
		2BC4D1AF291693B500252FD1 /* ToastCenter.swift in Sources */ = {isa = PBXBuildFile; fileRef = 2BC4D1AE291693B500252FD1 /* ToastCenter.swift */; };
		2BC4D1B1291694BF00252FD1 /* ToastTask.swift in Sources */ = {isa = PBXBuildFile; fileRef = 2BC4D1B0291694BF00252FD1 /* ToastTask.swift */; };
		2BC4D1B32917626F00252FD1 /* ConsumerConfig.swift in Sources */ = {isa = PBXBuildFile; fileRef = 2BC4D1B22917626F00252FD1 /* ConsumerConfig.swift */; };
		2BC4D1B5291764DD00252FD1 /* ConsumerGroup.swift in Sources */ = {isa = PBXBuildFile; fileRef = 2BC4D1B4291764DD00252FD1 /* ConsumerGroup.swift */; };
		2BD9AE732912BFAA008F9B0D /* InAppPushConsumer.swift in Sources */ = {isa = PBXBuildFile; fileRef = 2BD9AE722912BFAA008F9B0D /* InAppPushConsumer.swift */; };
/* End PBXBuildFile section */

/* Begin PBXFileReference section */
		2B6710932910A7C500043586 /* Broker.swift */ = {isa = PBXFileReference; lastKnownFileType = sourcecode.swift; path = Broker.swift; sourceTree = "<group>"; };
		2B6710952910A84B00043586 /* Consumer.swift */ = {isa = PBXFileReference; lastKnownFileType = sourcecode.swift; path = Consumer.swift; sourceTree = "<group>"; };
		2B6710972910A8EA00043586 /* Queue.swift */ = {isa = PBXFileReference; lastKnownFileType = sourcecode.swift; path = Queue.swift; sourceTree = "<group>"; };
		2B6710992910A92700043586 /* Topic.swift */ = {isa = PBXFileReference; lastKnownFileType = sourcecode.swift; path = Topic.swift; sourceTree = "<group>"; };
		2B67109C2910AFA200043586 /* Config.swift */ = {isa = PBXFileReference; lastKnownFileType = sourcecode.swift; path = Config.swift; sourceTree = "<group>"; };
		2B67109E2910B21600043586 /* Record.swift */ = {isa = PBXFileReference; lastKnownFileType = sourcecode.swift; path = Record.swift; sourceTree = "<group>"; };
		2B8387D22909801200B88A53 /* MyLord.app */ = {isa = PBXFileReference; explicitFileType = wrapper.application; includeInIndex = 0; path = MyLord.app; sourceTree = BUILT_PRODUCTS_DIR; };
		2B8387D52909801200B88A53 /* AppDelegate.swift */ = {isa = PBXFileReference; lastKnownFileType = sourcecode.swift; path = AppDelegate.swift; sourceTree = "<group>"; };
		2B8387D72909801200B88A53 /* SceneDelegate.swift */ = {isa = PBXFileReference; lastKnownFileType = sourcecode.swift; path = SceneDelegate.swift; sourceTree = "<group>"; };
		2B8387D92909801200B88A53 /* ViewController.swift */ = {isa = PBXFileReference; lastKnownFileType = sourcecode.swift; path = ViewController.swift; sourceTree = "<group>"; };
		2B8387DC2909801200B88A53 /* Base */ = {isa = PBXFileReference; lastKnownFileType = file.storyboard; name = Base; path = Base.lproj/Main.storyboard; sourceTree = "<group>"; };
		2B8387DE2909801300B88A53 /* Assets.xcassets */ = {isa = PBXFileReference; lastKnownFileType = folder.assetcatalog; path = Assets.xcassets; sourceTree = "<group>"; };
		2B8387E12909801300B88A53 /* Base */ = {isa = PBXFileReference; lastKnownFileType = file.storyboard; name = Base; path = Base.lproj/LaunchScreen.storyboard; sourceTree = "<group>"; };
		2B8387E32909801300B88A53 /* Info.plist */ = {isa = PBXFileReference; lastKnownFileType = text.plist.xml; path = Info.plist; sourceTree = "<group>"; };
		2B8387EA290980A900B88A53 /* Producer.swift */ = {isa = PBXFileReference; lastKnownFileType = sourcecode.swift; path = Producer.swift; sourceTree = "<group>"; };
		2B8387EF290981C400B88A53 /* ProducerConfig.swift */ = {isa = PBXFileReference; lastKnownFileType = sourcecode.swift; path = ProducerConfig.swift; sourceTree = "<group>"; };
		2B8387F12909829600B88A53 /* ProducerRecord.swift */ = {isa = PBXFileReference; lastKnownFileType = sourcecode.swift; path = ProducerRecord.swift; sourceTree = "<group>"; };
		2BC37E632914A34D00511F40 /* InAppPushConsumerGroup.swift */ = {isa = PBXFileReference; lastKnownFileType = sourcecode.swift; path = InAppPushConsumerGroup.swift; sourceTree = "<group>"; };
		2BC37E652914A37900511F40 /* InAppPushTask.swift */ = {isa = PBXFileReference; lastKnownFileType = sourcecode.swift; path = InAppPushTask.swift; sourceTree = "<group>"; };
		2BC4D1A1291558BD00252FD1 /* LiveInAppPushConsumer.swift */ = {isa = PBXFileReference; lastKnownFileType = sourcecode.swift; path = LiveInAppPushConsumer.swift; sourceTree = "<group>"; };
		2BC4D1A3291558F800252FD1 /* DMInnerPushConsumer.swift */ = {isa = PBXFileReference; lastKnownFileType = sourcecode.swift; path = DMInnerPushConsumer.swift; sourceTree = "<group>"; };
		2BC4D1A629155EFF00252FD1 /* InnerPushCenter.swift */ = {isa = PBXFileReference; lastKnownFileType = sourcecode.swift; path = InnerPushCenter.swift; sourceTree = "<group>"; };
		2BC4D1A82915637A00252FD1 /* InnerPushProducer.swift */ = {isa = PBXFileReference; lastKnownFileType = sourcecode.swift; path = InnerPushProducer.swift; sourceTree = "<group>"; };
		2BC4D1AA291564B700252FD1 /* InnerPushRecord.swift */ = {isa = PBXFileReference; lastKnownFileType = sourcecode.swift; path = InnerPushRecord.swift; sourceTree = "<group>"; };
		2BC4D1AC291655B800252FD1 /* InnerPushDefines.swift */ = {isa = PBXFileReference; lastKnownFileType = sourcecode.swift; path = InnerPushDefines.swift; sourceTree = "<group>"; };
		2BC4D1AE291693B500252FD1 /* ToastCenter.swift */ = {isa = PBXFileReference; lastKnownFileType = sourcecode.swift; path = ToastCenter.swift; sourceTree = "<group>"; };
		2BC4D1B0291694BF00252FD1 /* ToastTask.swift */ = {isa = PBXFileReference; lastKnownFileType = sourcecode.swift; path = ToastTask.swift; sourceTree = "<group>"; };
		2BC4D1B22917626F00252FD1 /* ConsumerConfig.swift */ = {isa = PBXFileReference; lastKnownFileType = sourcecode.swift; path = ConsumerConfig.swift; sourceTree = "<group>"; };
		2BC4D1B4291764DD00252FD1 /* ConsumerGroup.swift */ = {isa = PBXFileReference; lastKnownFileType = sourcecode.swift; path = ConsumerGroup.swift; sourceTree = "<group>"; };
		2BD9AE722912BFAA008F9B0D /* InAppPushConsumer.swift */ = {isa = PBXFileReference; lastKnownFileType = sourcecode.swift; path = InAppPushConsumer.swift; sourceTree = "<group>"; };
/* End PBXFileReference section */

/* Begin PBXFrameworksBuildPhase section */
		2B8387CF2909801200B88A53 /* Frameworks */ = {
			isa = PBXFrameworksBuildPhase;
			buildActionMask = 2147483647;
			files = (
			);
			runOnlyForDeploymentPostprocessing = 0;
		};
/* End PBXFrameworksBuildPhase section */

/* Begin PBXGroup section */
		2B67109B2910AF9500043586 /* Model */ = {
			isa = PBXGroup;
			children = (
				2B67109C2910AFA200043586 /* Config.swift */,
				2B67109E2910B21600043586 /* Record.swift */,
			);
			path = Model;
			sourceTree = "<group>";
		};
		2B7CCD9B2912BEB600590A23 /* IAP */ = {
			isa = PBXGroup;
			children = (
				2BD9AE722912BFAA008F9B0D /* InAppPushConsumer.swift */,
				2BC37E632914A34D00511F40 /* InAppPushConsumerGroup.swift */,
				2BC37E652914A37900511F40 /* InAppPushTask.swift */,
				2BC4D1A1291558BD00252FD1 /* LiveInAppPushConsumer.swift */,
				2BC4D1A3291558F800252FD1 /* DMInnerPushConsumer.swift */,
				2BC4D1A629155EFF00252FD1 /* InnerPushCenter.swift */,
				2BC4D1A82915637A00252FD1 /* InnerPushProducer.swift */,
				2BC4D1AA291564B700252FD1 /* InnerPushRecord.swift */,
				2BC4D1AC291655B800252FD1 /* InnerPushDefines.swift */,
			);
			path = IAP;
			sourceTree = "<group>";
		};
		2B7CCD9C2912BEC300590A23 /* TaskQueue */ = {
			isa = PBXGroup;
			children = (
				2BC4D1AE291693B500252FD1 /* ToastCenter.swift */,
				2BC4D1B0291694BF00252FD1 /* ToastTask.swift */,
			);
			path = TaskQueue;
			sourceTree = "<group>";
		};
		2B8387C92909801200B88A53 = {
			isa = PBXGroup;
			children = (
				2B8387D42909801200B88A53 /* MyLord */,
				2B8387D32909801200B88A53 /* Products */,
			);
			sourceTree = "<group>";
		};
		2B8387D32909801200B88A53 /* Products */ = {
			isa = PBXGroup;
			children = (
				2B8387D22909801200B88A53 /* MyLord.app */,
			);
			name = Products;
			sourceTree = "<group>";
		};
		2B8387D42909801200B88A53 /* MyLord */ = {
			isa = PBXGroup;
			children = (
				2BC4D1A5291559EA00252FD1 /* MessageCenter */,
				2B7CCD9C2912BEC300590A23 /* TaskQueue */,
				2B7CCD9B2912BEB600590A23 /* IAP */,
				2B8387E92909808200B88A53 /* Classes */,
				2B8387D52909801200B88A53 /* AppDelegate.swift */,
				2B8387D72909801200B88A53 /* SceneDelegate.swift */,
				2B8387D92909801200B88A53 /* ViewController.swift */,
				2B8387DB2909801200B88A53 /* Main.storyboard */,
				2B8387DE2909801300B88A53 /* Assets.xcassets */,
				2B8387E02909801300B88A53 /* LaunchScreen.storyboard */,
				2B8387E32909801300B88A53 /* Info.plist */,
			);
			path = MyLord;
			sourceTree = "<group>";
		};
		2B8387E92909808200B88A53 /* Classes */ = {
			isa = PBXGroup;
			children = (
				2B67109B2910AF9500043586 /* Model */,
				2B8387EE290981AE00B88A53 /* Broker */,
				2B8387ED290981A800B88A53 /* Consumer */,
				2B8387EC290981A100B88A53 /* Producer */,
			);
			path = Classes;
			sourceTree = "<group>";
		};
		2B8387EC290981A100B88A53 /* Producer */ = {
			isa = PBXGroup;
			children = (
				2B8387EA290980A900B88A53 /* Producer.swift */,
				2B8387EF290981C400B88A53 /* ProducerConfig.swift */,
				2B8387F12909829600B88A53 /* ProducerRecord.swift */,
			);
			path = Producer;
			sourceTree = "<group>";
		};
		2B8387ED290981A800B88A53 /* Consumer */ = {
			isa = PBXGroup;
			children = (
				2B6710952910A84B00043586 /* Consumer.swift */,
				2BC4D1B22917626F00252FD1 /* ConsumerConfig.swift */,
				2BC4D1B4291764DD00252FD1 /* ConsumerGroup.swift */,
			);
			path = Consumer;
			sourceTree = "<group>";
		};
		2B8387EE290981AE00B88A53 /* Broker */ = {
			isa = PBXGroup;
			children = (
				2B6710932910A7C500043586 /* Broker.swift */,
				2B6710972910A8EA00043586 /* Queue.swift */,
				2B6710992910A92700043586 /* Topic.swift */,
			);
			path = Broker;
			sourceTree = "<group>";
		};
		2BC4D1A5291559EA00252FD1 /* MessageCenter */ = {
			isa = PBXGroup;
			children = (
			);
			path = MessageCenter;
			sourceTree = "<group>";
		};
/* End PBXGroup section */

/* Begin PBXNativeTarget section */
		2B8387D12909801200B88A53 /* MyLord */ = {
			isa = PBXNativeTarget;
			buildConfigurationList = 2B8387E62909801300B88A53 /* Build configuration list for PBXNativeTarget "MyLord" */;
			buildPhases = (
				2B8387CE2909801200B88A53 /* Sources */,
				2B8387CF2909801200B88A53 /* Frameworks */,
				2B8387D02909801200B88A53 /* Resources */,
			);
			buildRules = (
			);
			dependencies = (
			);
			name = MyLord;
			productName = MyLord;
			productReference = 2B8387D22909801200B88A53 /* MyLord.app */;
			productType = "com.apple.product-type.application";
		};
/* End PBXNativeTarget section */

/* Begin PBXProject section */
		2B8387CA2909801200B88A53 /* Project object */ = {
			isa = PBXProject;
			attributes = {
				BuildIndependentTargetsInParallel = 1;
				LastSwiftUpdateCheck = 1400;
				LastUpgradeCheck = 1400;
				TargetAttributes = {
					2B8387D12909801200B88A53 = {
						CreatedOnToolsVersion = 14.0.1;
					};
				};
			};
			buildConfigurationList = 2B8387CD2909801200B88A53 /* Build configuration list for PBXProject "MyLord" */;
			compatibilityVersion = "Xcode 14.0";
			developmentRegion = en;
			hasScannedForEncodings = 0;
			knownRegions = (
				en,
				Base,
			);
			mainGroup = 2B8387C92909801200B88A53;
			productRefGroup = 2B8387D32909801200B88A53 /* Products */;
			projectDirPath = "";
			projectRoot = "";
			targets = (
				2B8387D12909801200B88A53 /* MyLord */,
			);
		};
/* End PBXProject section */

/* Begin PBXResourcesBuildPhase section */
		2B8387D02909801200B88A53 /* Resources */ = {
			isa = PBXResourcesBuildPhase;
			buildActionMask = 2147483647;
			files = (
				2B8387E22909801300B88A53 /* LaunchScreen.storyboard in Resources */,
				2B8387DF2909801300B88A53 /* Assets.xcassets in Resources */,
				2B8387DD2909801200B88A53 /* Main.storyboard in Resources */,
			);
			runOnlyForDeploymentPostprocessing = 0;
		};
/* End PBXResourcesBuildPhase section */

/* Begin PBXSourcesBuildPhase section */
		2B8387CE2909801200B88A53 /* Sources */ = {
			isa = PBXSourcesBuildPhase;
			buildActionMask = 2147483647;
			files = (
				2B6710942910A7C500043586 /* Broker.swift in Sources */,
				2BC4D1B5291764DD00252FD1 /* ConsumerGroup.swift in Sources */,
				2BC4D1B32917626F00252FD1 /* ConsumerConfig.swift in Sources */,
				2BC4D1A729155EFF00252FD1 /* InnerPushCenter.swift in Sources */,
				2B67109A2910A92700043586 /* Topic.swift in Sources */,
				2BC4D1AB291564B700252FD1 /* InnerPushRecord.swift in Sources */,
				2BC4D1AF291693B500252FD1 /* ToastCenter.swift in Sources */,
				2B67109F2910B21600043586 /* Record.swift in Sources */,
				2BC4D1AD291655B800252FD1 /* InnerPushDefines.swift in Sources */,
				2B8387F0290981C400B88A53 /* ProducerConfig.swift in Sources */,
				2B8387DA2909801200B88A53 /* ViewController.swift in Sources */,
				2B67109D2910AFA200043586 /* Config.swift in Sources */,
				2B8387F22909829600B88A53 /* ProducerRecord.swift in Sources */,
				2B8387EB290980A900B88A53 /* Producer.swift in Sources */,
				2BC37E642914A34D00511F40 /* InAppPushConsumerGroup.swift in Sources */,
				2BC4D1B1291694BF00252FD1 /* ToastTask.swift in Sources */,
				2B6710962910A84B00043586 /* Consumer.swift in Sources */,
				2BC4D1A2291558BD00252FD1 /* LiveInAppPushConsumer.swift in Sources */,
				2BC37E662914A37900511F40 /* InAppPushTask.swift in Sources */,
				2BD9AE732912BFAA008F9B0D /* InAppPushConsumer.swift in Sources */,
				2B8387D62909801200B88A53 /* AppDelegate.swift in Sources */,
				2B6710982910A8EA00043586 /* Queue.swift in Sources */,
				2B8387D82909801200B88A53 /* SceneDelegate.swift in Sources */,
				2BC4D1A4291558F800252FD1 /* DMInnerPushConsumer.swift in Sources */,
				2BC4D1A92915637A00252FD1 /* InnerPushProducer.swift in Sources */,
			);
			runOnlyForDeploymentPostprocessing = 0;
		};
/* End PBXSourcesBuildPhase section */

/* Begin PBXVariantGroup section */
		2B8387DB2909801200B88A53 /* Main.storyboard */ = {
			isa = PBXVariantGroup;
			children = (
				2B8387DC2909801200B88A53 /* Base */,
			);
			name = Main.storyboard;
			sourceTree = "<group>";
		};
		2B8387E02909801300B88A53 /* LaunchScreen.storyboard */ = {
			isa = PBXVariantGroup;
			children = (
				2B8387E12909801300B88A53 /* Base */,
			);
			name = LaunchScreen.storyboard;
			sourceTree = "<group>";
		};
/* End PBXVariantGroup section */

/* Begin XCBuildConfiguration section */
		2B8387E42909801300B88A53 /* Debug */ = {
			isa = XCBuildConfiguration;
			buildSettings = {
				ALWAYS_SEARCH_USER_PATHS = NO;
				CLANG_ANALYZER_NONNULL = YES;
				CLANG_ANALYZER_NUMBER_OBJECT_CONVERSION = YES_AGGRESSIVE;
				CLANG_CXX_LANGUAGE_STANDARD = "gnu++20";
				CLANG_ENABLE_MODULES = YES;
				CLANG_ENABLE_OBJC_ARC = YES;
				CLANG_ENABLE_OBJC_WEAK = YES;
				CLANG_WARN_BLOCK_CAPTURE_AUTORELEASING = YES;
				CLANG_WARN_BOOL_CONVERSION = YES;
				CLANG_WARN_COMMA = YES;
				CLANG_WARN_CONSTANT_CONVERSION = YES;
				CLANG_WARN_DEPRECATED_OBJC_IMPLEMENTATIONS = YES;
				CLANG_WARN_DIRECT_OBJC_ISA_USAGE = YES_ERROR;
				CLANG_WARN_DOCUMENTATION_COMMENTS = YES;
				CLANG_WARN_EMPTY_BODY = YES;
				CLANG_WARN_ENUM_CONVERSION = YES;
				CLANG_WARN_INFINITE_RECURSION = YES;
				CLANG_WARN_INT_CONVERSION = YES;
				CLANG_WARN_NON_LITERAL_NULL_CONVERSION = YES;
				CLANG_WARN_OBJC_IMPLICIT_RETAIN_SELF = YES;
				CLANG_WARN_OBJC_LITERAL_CONVERSION = YES;
				CLANG_WARN_OBJC_ROOT_CLASS = YES_ERROR;
				CLANG_WARN_QUOTED_INCLUDE_IN_FRAMEWORK_HEADER = YES;
				CLANG_WARN_RANGE_LOOP_ANALYSIS = YES;
				CLANG_WARN_STRICT_PROTOTYPES = YES;
				CLANG_WARN_SUSPICIOUS_MOVE = YES;
				CLANG_WARN_UNGUARDED_AVAILABILITY = YES_AGGRESSIVE;
				CLANG_WARN_UNREACHABLE_CODE = YES;
				CLANG_WARN__DUPLICATE_METHOD_MATCH = YES;
				COPY_PHASE_STRIP = NO;
				DEBUG_INFORMATION_FORMAT = dwarf;
				ENABLE_STRICT_OBJC_MSGSEND = YES;
				ENABLE_TESTABILITY = YES;
				GCC_C_LANGUAGE_STANDARD = gnu11;
				GCC_DYNAMIC_NO_PIC = NO;
				GCC_NO_COMMON_BLOCKS = YES;
				GCC_OPTIMIZATION_LEVEL = 0;
				GCC_PREPROCESSOR_DEFINITIONS = (
					"DEBUG=1",
					"$(inherited)",
				);
				GCC_WARN_64_TO_32_BIT_CONVERSION = YES;
				GCC_WARN_ABOUT_RETURN_TYPE = YES_ERROR;
				GCC_WARN_UNDECLARED_SELECTOR = YES;
				GCC_WARN_UNINITIALIZED_AUTOS = YES_AGGRESSIVE;
				GCC_WARN_UNUSED_FUNCTION = YES;
				GCC_WARN_UNUSED_VARIABLE = YES;
				IPHONEOS_DEPLOYMENT_TARGET = 16.0;
				MTL_ENABLE_DEBUG_INFO = INCLUDE_SOURCE;
				MTL_FAST_MATH = YES;
				ONLY_ACTIVE_ARCH = YES;
				SDKROOT = iphoneos;
				SWIFT_ACTIVE_COMPILATION_CONDITIONS = DEBUG;
				SWIFT_OPTIMIZATION_LEVEL = "-Onone";
			};
			name = Debug;
		};
		2B8387E52909801300B88A53 /* Release */ = {
			isa = XCBuildConfiguration;
			buildSettings = {
				ALWAYS_SEARCH_USER_PATHS = NO;
				CLANG_ANALYZER_NONNULL = YES;
				CLANG_ANALYZER_NUMBER_OBJECT_CONVERSION = YES_AGGRESSIVE;
				CLANG_CXX_LANGUAGE_STANDARD = "gnu++20";
				CLANG_ENABLE_MODULES = YES;
				CLANG_ENABLE_OBJC_ARC = YES;
				CLANG_ENABLE_OBJC_WEAK = YES;
				CLANG_WARN_BLOCK_CAPTURE_AUTORELEASING = YES;
				CLANG_WARN_BOOL_CONVERSION = YES;
				CLANG_WARN_COMMA = YES;
				CLANG_WARN_CONSTANT_CONVERSION = YES;
				CLANG_WARN_DEPRECATED_OBJC_IMPLEMENTATIONS = YES;
				CLANG_WARN_DIRECT_OBJC_ISA_USAGE = YES_ERROR;
				CLANG_WARN_DOCUMENTATION_COMMENTS = YES;
				CLANG_WARN_EMPTY_BODY = YES;
				CLANG_WARN_ENUM_CONVERSION = YES;
				CLANG_WARN_INFINITE_RECURSION = YES;
				CLANG_WARN_INT_CONVERSION = YES;
				CLANG_WARN_NON_LITERAL_NULL_CONVERSION = YES;
				CLANG_WARN_OBJC_IMPLICIT_RETAIN_SELF = YES;
				CLANG_WARN_OBJC_LITERAL_CONVERSION = YES;
				CLANG_WARN_OBJC_ROOT_CLASS = YES_ERROR;
				CLANG_WARN_QUOTED_INCLUDE_IN_FRAMEWORK_HEADER = YES;
				CLANG_WARN_RANGE_LOOP_ANALYSIS = YES;
				CLANG_WARN_STRICT_PROTOTYPES = YES;
				CLANG_WARN_SUSPICIOUS_MOVE = YES;
				CLANG_WARN_UNGUARDED_AVAILABILITY = YES_AGGRESSIVE;
				CLANG_WARN_UNREACHABLE_CODE = YES;
				CLANG_WARN__DUPLICATE_METHOD_MATCH = YES;
				COPY_PHASE_STRIP = NO;
				DEBUG_INFORMATION_FORMAT = "dwarf-with-dsym";
				ENABLE_NS_ASSERTIONS = NO;
				ENABLE_STRICT_OBJC_MSGSEND = YES;
				GCC_C_LANGUAGE_STANDARD = gnu11;
				GCC_NO_COMMON_BLOCKS = YES;
				GCC_WARN_64_TO_32_BIT_CONVERSION = YES;
				GCC_WARN_ABOUT_RETURN_TYPE = YES_ERROR;
				GCC_WARN_UNDECLARED_SELECTOR = YES;
				GCC_WARN_UNINITIALIZED_AUTOS = YES_AGGRESSIVE;
				GCC_WARN_UNUSED_FUNCTION = YES;
				GCC_WARN_UNUSED_VARIABLE = YES;
				IPHONEOS_DEPLOYMENT_TARGET = 16.0;
				MTL_ENABLE_DEBUG_INFO = NO;
				MTL_FAST_MATH = YES;
				SDKROOT = iphoneos;
				SWIFT_COMPILATION_MODE = wholemodule;
				SWIFT_OPTIMIZATION_LEVEL = "-O";
				VALIDATE_PRODUCT = YES;
			};
			name = Release;
		};
		2B8387E72909801300B88A53 /* Debug */ = {
			isa = XCBuildConfiguration;
			buildSettings = {
				ASSETCATALOG_COMPILER_APPICON_NAME = AppIcon;
				ASSETCATALOG_COMPILER_GLOBAL_ACCENT_COLOR_NAME = AccentColor;
				CODE_SIGN_STYLE = Automatic;
				CURRENT_PROJECT_VERSION = 1;
				GENERATE_INFOPLIST_FILE = YES;
				INFOPLIST_FILE = MyLord/Info.plist;
				INFOPLIST_KEY_UIApplicationSupportsIndirectInputEvents = YES;
				INFOPLIST_KEY_UILaunchStoryboardName = LaunchScreen;
				INFOPLIST_KEY_UIMainStoryboardFile = Main;
				INFOPLIST_KEY_UISupportedInterfaceOrientations_iPad = "UIInterfaceOrientationPortrait UIInterfaceOrientationPortraitUpsideDown UIInterfaceOrientationLandscapeLeft UIInterfaceOrientationLandscapeRight";
				INFOPLIST_KEY_UISupportedInterfaceOrientations_iPhone = "UIInterfaceOrientationPortrait UIInterfaceOrientationLandscapeLeft UIInterfaceOrientationLandscapeRight";
				LD_RUNPATH_SEARCH_PATHS = (
					"$(inherited)",
					"@executable_path/Frameworks",
				);
				MARKETING_VERSION = 1.0;
				PRODUCT_BUNDLE_IDENTIFIER = com.fanghe.test.MyLord;
				PRODUCT_NAME = "$(TARGET_NAME)";
				SWIFT_EMIT_LOC_STRINGS = YES;
				SWIFT_VERSION = 5.0;
				TARGETED_DEVICE_FAMILY = "1,2";
			};
			name = Debug;
		};
		2B8387E82909801300B88A53 /* Release */ = {
			isa = XCBuildConfiguration;
			buildSettings = {
				ASSETCATALOG_COMPILER_APPICON_NAME = AppIcon;
				ASSETCATALOG_COMPILER_GLOBAL_ACCENT_COLOR_NAME = AccentColor;
				CODE_SIGN_STYLE = Automatic;
				CURRENT_PROJECT_VERSION = 1;
				GENERATE_INFOPLIST_FILE = YES;
				INFOPLIST_FILE = MyLord/Info.plist;
				INFOPLIST_KEY_UIApplicationSupportsIndirectInputEvents = YES;
				INFOPLIST_KEY_UILaunchStoryboardName = LaunchScreen;
				INFOPLIST_KEY_UIMainStoryboardFile = Main;
				INFOPLIST_KEY_UISupportedInterfaceOrientations_iPad = "UIInterfaceOrientationPortrait UIInterfaceOrientationPortraitUpsideDown UIInterfaceOrientationLandscapeLeft UIInterfaceOrientationLandscapeRight";
				INFOPLIST_KEY_UISupportedInterfaceOrientations_iPhone = "UIInterfaceOrientationPortrait UIInterfaceOrientationLandscapeLeft UIInterfaceOrientationLandscapeRight";
				LD_RUNPATH_SEARCH_PATHS = (
					"$(inherited)",
					"@executable_path/Frameworks",
				);
				MARKETING_VERSION = 1.0;
				PRODUCT_BUNDLE_IDENTIFIER = com.fanghe.test.MyLord;
				PRODUCT_NAME = "$(TARGET_NAME)";
				SWIFT_EMIT_LOC_STRINGS = YES;
				SWIFT_VERSION = 5.0;
				TARGETED_DEVICE_FAMILY = "1,2";
			};
			name = Release;
		};
/* End XCBuildConfiguration section */

/* Begin XCConfigurationList section */
		2B8387CD2909801200B88A53 /* Build configuration list for PBXProject "MyLord" */ = {
			isa = XCConfigurationList;
			buildConfigurations = (
				2B8387E42909801300B88A53 /* Debug */,
				2B8387E52909801300B88A53 /* Release */,
			);
			defaultConfigurationIsVisible = 0;
			defaultConfigurationName = Release;
		};
		2B8387E62909801300B88A53 /* Build configuration list for PBXNativeTarget "MyLord" */ = {
			isa = XCConfigurationList;
			buildConfigurations = (
				2B8387E72909801300B88A53 /* Debug */,
				2B8387E82909801300B88A53 /* Release */,
			);
			defaultConfigurationIsVisible = 0;
			defaultConfigurationName = Release;
		};
/* End XCConfigurationList section */
	};
	rootObject = 2B8387CA2909801200B88A53 /* Project object */;
}
